
Microsoft Visual Studio Solution File, Format Version 10.00
# Visual Studio 2008
Project("{FAE04EC0-301F-11D3-BF4B-00C04F79EFBC}") = "g3", "g3\g3.csproj", "{8DBB44B6-D9FE-4C6F-B1AE-53B5D03E2A95}"
EndProject
Global
	GlobalSection(SolutionConfigurationPlatforms) = preSolution
		Debug|Any CPU = Debug|Any CPU
		Release|Any CPU = Release|Any CPU
	EndGlobalSection
	GlobalSection(ProjectConfigurationPlatforms) = postSolution
		{8DBB44B6-D9FE-4C6F-B1AE-53B5D03E2A95}.Debug|Any CPU.ActiveCfg = Debug|Any CPU
		{8DBB44B6-D9FE-4C6F-B1AE-53B5D03E2A95}.Debug|Any CPU.Build.0 = Debug|Any CPU
		{8DBB44B6-D9FE-4C6F-B1AE-53B5D03E2A95}.Release|Any CPU.ActiveCfg = Release|Any CPU
		{8DBB44B6-D9FE-4C6F-B1AE-53B5D03E2A95}.Release|Any CPU.Build.0 = Release|Any CPU
	EndGlobalSection
	GlobalSection(SolutionProperties) = preSolution
		HideSolutionNode = FALSE
	EndGlobalSection
EndGlobal
